// !$*UTF8*$!
{
	archiveVersion = 1;
	classes = {
	};
	objectVersion = 55;
	objects = {

/* Begin PBXBuildFile section */
		FB59F7232801CC8700DC547D /* AppDelegate.swift in Sources */ = {isa = PBXBuildFile; fileRef = FB59F7222801CC8700DC547D /* AppDelegate.swift */; };
		FB59F7252801CC8700DC547D /* SceneDelegate.swift in Sources */ = {isa = PBXBuildFile; fileRef = FB59F7242801CC8700DC547D /* SceneDelegate.swift */; };
		FB59F7272801CC8700DC547D /* RegistrationController.swift in Sources */ = {isa = PBXBuildFile; fileRef = FB59F7262801CC8700DC547D /* RegistrationController.swift */; };
		FB59F72A2801CC8700DC547D /* Main.storyboard in Resources */ = {isa = PBXBuildFile; fileRef = FB59F7282801CC8700DC547D /* Main.storyboard */; };
		FB59F72D2801CC8700DC547D /* PhotoGallery.xcdatamodeld in Sources */ = {isa = PBXBuildFile; fileRef = FB59F72B2801CC8700DC547D /* PhotoGallery.xcdatamodeld */; };
		FB59F72F2801CC8A00DC547D /* Assets.xcassets in Resources */ = {isa = PBXBuildFile; fileRef = FB59F72E2801CC8A00DC547D /* Assets.xcassets */; };
		FB59F7322801CC8A00DC547D /* LaunchScreen.storyboard in Resources */ = {isa = PBXBuildFile; fileRef = FB59F7302801CC8A00DC547D /* LaunchScreen.storyboard */; };
		FB59F73A2801DC9600DC547D /* PHAssetExtension.swift in Sources */ = {isa = PBXBuildFile; fileRef = FB59F7392801DC9600DC547D /* PHAssetExtension.swift */; };
		FB59F74228021B7900DC547D /* InputField.swift in Sources */ = {isa = PBXBuildFile; fileRef = FB59F74128021B7900DC547D /* InputField.swift */; };
		FB59F74428021B9D00DC547D /* UIColorExtension.swift in Sources */ = {isa = PBXBuildFile; fileRef = FB59F74328021B9D00DC547D /* UIColorExtension.swift */; };
		FB59F74628021C7900DC547D /* AttributedCustomButton.swift in Sources */ = {isa = PBXBuildFile; fileRef = FB59F74528021C7900DC547D /* AttributedCustomButton.swift */; };
		FB59F74828021CBF00DC547D /* CustomRoundedButton.swift in Sources */ = {isa = PBXBuildFile; fileRef = FB59F74728021CBF00DC547D /* CustomRoundedButton.swift */; };
		FB59F74A28021D2F00DC547D /* UIImageExtension.swift in Sources */ = {isa = PBXBuildFile; fileRef = FB59F74928021D2F00DC547D /* UIImageExtension.swift */; };
		FB59F74E280221AB00DC547D /* CustomNavigationController.swift in Sources */ = {isa = PBXBuildFile; fileRef = FB59F74D280221AB00DC547D /* CustomNavigationController.swift */; };
		FB59F75228022A0B00DC547D /* LoginViewController.swift in Sources */ = {isa = PBXBuildFile; fileRef = FB59F75128022A0B00DC547D /* LoginViewController.swift */; };
		FB59F754280231B400DC547D /* AuthService.swift in Sources */ = {isa = PBXBuildFile; fileRef = FB59F753280231B400DC547D /* AuthService.swift */; };
		FB59F7572802460D00DC547D /* GalleryViewController.swift in Sources */ = {isa = PBXBuildFile; fileRef = FB59F7562802460D00DC547D /* GalleryViewController.swift */; };
		FB59F75928024E5000DC547D /* PhotoCell.swift in Sources */ = {isa = PBXBuildFile; fileRef = FB59F75828024E5000DC547D /* PhotoCell.swift */; };
		FB59F75D2802674E00DC547D /* UsersViewController.swift in Sources */ = {isa = PBXBuildFile; fileRef = FB59F75C2802674E00DC547D /* UsersViewController.swift */; };
		FB59F75F28031B0800DC547D /* StringToImage.swift in Sources */ = {isa = PBXBuildFile; fileRef = FB59F75E28031B0800DC547D /* StringToImage.swift */; };
		FB59F761280335C200DC547D /* CustomTabBarViewController.swift in Sources */ = {isa = PBXBuildFile; fileRef = FB59F760280335C200DC547D /* CustomTabBarViewController.swift */; };
		FB59F7632803447200DC547D /* DetailedPhoto.swift in Sources */ = {isa = PBXBuildFile; fileRef = FB59F7622803447100DC547D /* DetailedPhoto.swift */; };
/* End PBXBuildFile section */

/* Begin PBXFileReference section */
		FB59F71F2801CC8700DC547D /* PhotoGallery.app */ = {isa = PBXFileReference; explicitFileType = wrapper.application; includeInIndex = 0; path = PhotoGallery.app; sourceTree = BUILT_PRODUCTS_DIR; };
		FB59F7222801CC8700DC547D /* AppDelegate.swift */ = {isa = PBXFileReference; lastKnownFileType = sourcecode.swift; path = AppDelegate.swift; sourceTree = "<group>"; };
		FB59F7242801CC8700DC547D /* SceneDelegate.swift */ = {isa = PBXFileReference; lastKnownFileType = sourcecode.swift; path = SceneDelegate.swift; sourceTree = "<group>"; };
		FB59F7262801CC8700DC547D /* RegistrationController.swift */ = {isa = PBXFileReference; lastKnownFileType = sourcecode.swift; path = RegistrationController.swift; sourceTree = "<group>"; };
		FB59F7292801CC8700DC547D /* Base */ = {isa = PBXFileReference; lastKnownFileType = file.storyboard; name = Base; path = Base.lproj/Main.storyboard; sourceTree = "<group>"; };
		FB59F72C2801CC8700DC547D /* PhotoGallery.xcdatamodel */ = {isa = PBXFileReference; lastKnownFileType = wrapper.xcdatamodel; path = PhotoGallery.xcdatamodel; sourceTree = "<group>"; };
		FB59F72E2801CC8A00DC547D /* Assets.xcassets */ = {isa = PBXFileReference; lastKnownFileType = folder.assetcatalog; path = Assets.xcassets; sourceTree = "<group>"; };
		FB59F7312801CC8A00DC547D /* Base */ = {isa = PBXFileReference; lastKnownFileType = file.storyboard; name = Base; path = Base.lproj/LaunchScreen.storyboard; sourceTree = "<group>"; };
		FB59F7332801CC8A00DC547D /* Info.plist */ = {isa = PBXFileReference; lastKnownFileType = text.plist.xml; path = Info.plist; sourceTree = "<group>"; };
		FB59F7392801DC9600DC547D /* PHAssetExtension.swift */ = {isa = PBXFileReference; lastKnownFileType = sourcecode.swift; path = PHAssetExtension.swift; sourceTree = "<group>"; };
		FB59F74128021B7900DC547D /* InputField.swift */ = {isa = PBXFileReference; lastKnownFileType = sourcecode.swift; path = InputField.swift; sourceTree = "<group>"; };
		FB59F74328021B9D00DC547D /* UIColorExtension.swift */ = {isa = PBXFileReference; lastKnownFileType = sourcecode.swift; path = UIColorExtension.swift; sourceTree = "<group>"; };
		FB59F74528021C7900DC547D /* AttributedCustomButton.swift */ = {isa = PBXFileReference; lastKnownFileType = sourcecode.swift; path = AttributedCustomButton.swift; sourceTree = "<group>"; };
		FB59F74728021CBF00DC547D /* CustomRoundedButton.swift */ = {isa = PBXFileReference; lastKnownFileType = sourcecode.swift; path = CustomRoundedButton.swift; sourceTree = "<group>"; };
		FB59F74928021D2F00DC547D /* UIImageExtension.swift */ = {isa = PBXFileReference; lastKnownFileType = sourcecode.swift; path = UIImageExtension.swift; sourceTree = "<group>"; };
		FB59F74D280221AB00DC547D /* CustomNavigationController.swift */ = {isa = PBXFileReference; lastKnownFileType = sourcecode.swift; path = CustomNavigationController.swift; sourceTree = "<group>"; };
		FB59F75128022A0B00DC547D /* LoginViewController.swift */ = {isa = PBXFileReference; lastKnownFileType = sourcecode.swift; path = LoginViewController.swift; sourceTree = "<group>"; };
		FB59F753280231B400DC547D /* AuthService.swift */ = {isa = PBXFileReference; lastKnownFileType = sourcecode.swift; path = AuthService.swift; sourceTree = "<group>"; };
		FB59F7562802460D00DC547D /* GalleryViewController.swift */ = {isa = PBXFileReference; lastKnownFileType = sourcecode.swift; path = GalleryViewController.swift; sourceTree = "<group>"; };
		FB59F75828024E5000DC547D /* PhotoCell.swift */ = {isa = PBXFileReference; lastKnownFileType = sourcecode.swift; path = PhotoCell.swift; sourceTree = "<group>"; };
		FB59F75C2802674E00DC547D /* UsersViewController.swift */ = {isa = PBXFileReference; lastKnownFileType = sourcecode.swift; path = UsersViewController.swift; sourceTree = "<group>"; };
		FB59F75E28031B0800DC547D /* StringToImage.swift */ = {isa = PBXFileReference; lastKnownFileType = sourcecode.swift; path = StringToImage.swift; sourceTree = "<group>"; };
		FB59F760280335C200DC547D /* CustomTabBarViewController.swift */ = {isa = PBXFileReference; lastKnownFileType = sourcecode.swift; path = CustomTabBarViewController.swift; sourceTree = "<group>"; };
		FB59F7622803447100DC547D /* DetailedPhoto.swift */ = {isa = PBXFileReference; lastKnownFileType = sourcecode.swift; path = DetailedPhoto.swift; sourceTree = "<group>"; };
/* End PBXFileReference section */

/* Begin PBXFrameworksBuildPhase section */
		FB59F71C2801CC8700DC547D /* Frameworks */ = {
			isa = PBXFrameworksBuildPhase;
			buildActionMask = 2147483647;
			files = (
			);
			runOnlyForDeploymentPostprocessing = 0;
		};
/* End PBXFrameworksBuildPhase section */

/* Begin PBXGroup section */
		FB59F7162801CC8700DC547D = {
			isa = PBXGroup;
			children = (
				FB59F7212801CC8700DC547D /* PhotoGallery */,
				FB59F7202801CC8700DC547D /* Products */,
			);
			sourceTree = "<group>";
		};
		FB59F7202801CC8700DC547D /* Products */ = {
			isa = PBXGroup;
			children = (
				FB59F71F2801CC8700DC547D /* PhotoGallery.app */,
			);
			name = Products;
			sourceTree = "<group>";
		};
		FB59F7212801CC8700DC547D /* PhotoGallery */ = {
			isa = PBXGroup;
			children = (
				FB59F7552802327A00DC547D /* Model */,
				FB59F74F2802222B00DC547D /* Application */,
				FB59F74C28021DB000DC547D /* CustomElements */,
				FB59F7502802223B00DC547D /* View */,
				FB59F74B28021D8B00DC547D /* Extensions */,
				FB59F7282801CC8700DC547D /* Main.storyboard */,
				FB59F72E2801CC8A00DC547D /* Assets.xcassets */,
				FB59F7302801CC8A00DC547D /* LaunchScreen.storyboard */,
				FB59F7332801CC8A00DC547D /* Info.plist */,
				FB59F72B2801CC8700DC547D /* PhotoGallery.xcdatamodeld */,
				FB59F7392801DC9600DC547D /* PHAssetExtension.swift */,
			);
			path = PhotoGallery;
			sourceTree = "<group>";
		};
		FB59F74B28021D8B00DC547D /* Extensions */ = {
			isa = PBXGroup;
			children = (
				FB59F74328021B9D00DC547D /* UIColorExtension.swift */,
				FB59F74928021D2F00DC547D /* UIImageExtension.swift */,
				FB59F75E28031B0800DC547D /* StringToImage.swift */,
			);
			path = Extensions;
			sourceTree = "<group>";
		};
		FB59F74C28021DB000DC547D /* CustomElements */ = {
			isa = PBXGroup;
			children = (
				FB59F74728021CBF00DC547D /* CustomRoundedButton.swift */,
				FB59F74528021C7900DC547D /* AttributedCustomButton.swift */,
				FB59F74128021B7900DC547D /* InputField.swift */,
				FB59F74D280221AB00DC547D /* CustomNavigationController.swift */,
				FB59F75828024E5000DC547D /* PhotoCell.swift */,
				FB59F760280335C200DC547D /* CustomTabBarViewController.swift */,
			);
			path = CustomElements;
			sourceTree = "<group>";
		};
		FB59F74F2802222B00DC547D /* Application */ = {
			isa = PBXGroup;
			children = (
				FB59F7222801CC8700DC547D /* AppDelegate.swift */,
				FB59F7242801CC8700DC547D /* SceneDelegate.swift */,
			);
			path = Application;
			sourceTree = "<group>";
		};
		FB59F7502802223B00DC547D /* View */ = {
			isa = PBXGroup;
			children = (
				FB59F7262801CC8700DC547D /* RegistrationController.swift */,
				FB59F75128022A0B00DC547D /* LoginViewController.swift */,
				FB59F7562802460D00DC547D /* GalleryViewController.swift */,
				FB59F75C2802674E00DC547D /* UsersViewController.swift */,
				FB59F7622803447100DC547D /* DetailedPhoto.swift */,
			);
			path = View;
			sourceTree = "<group>";
		};
		FB59F7552802327A00DC547D /* Model */ = {
			isa = PBXGroup;
			children = (
				FB59F753280231B400DC547D /* AuthService.swift */,
			);
			path = Model;
			sourceTree = "<group>";
		};
/* End PBXGroup section */

/* Begin PBXNativeTarget section */
		FB59F71E2801CC8700DC547D /* PhotoGallery */ = {
			isa = PBXNativeTarget;
			buildConfigurationList = FB59F7362801CC8A00DC547D /* Build configuration list for PBXNativeTarget "PhotoGallery" */;
			buildPhases = (
				FB59F71B2801CC8700DC547D /* Sources */,
				FB59F71C2801CC8700DC547D /* Frameworks */,
				FB59F71D2801CC8700DC547D /* Resources */,
			);
			buildRules = (
			);
			dependencies = (
			);
			name = PhotoGallery;
			productName = PhotoGallery;
			productReference = FB59F71F2801CC8700DC547D /* PhotoGallery.app */;
			productType = "com.apple.product-type.application";
		};
/* End PBXNativeTarget section */

/* Begin PBXProject section */
		FB59F7172801CC8700DC547D /* Project object */ = {
			isa = PBXProject;
			attributes = {
				BuildIndependentTargetsInParallel = 1;
				LastSwiftUpdateCheck = 1330;
				LastUpgradeCheck = 1330;
				TargetAttributes = {
					FB59F71E2801CC8700DC547D = {
						CreatedOnToolsVersion = 13.3;
					};
				};
			};
			buildConfigurationList = FB59F71A2801CC8700DC547D /* Build configuration list for PBXProject "PhotoGallery" */;
			compatibilityVersion = "Xcode 13.0";
			developmentRegion = en;
			hasScannedForEncodings = 0;
			knownRegions = (
				en,
				Base,
			);
			mainGroup = FB59F7162801CC8700DC547D;
			productRefGroup = FB59F7202801CC8700DC547D /* Products */;
			projectDirPath = "";
			projectRoot = "";
			targets = (
				FB59F71E2801CC8700DC547D /* PhotoGallery */,
			);
		};
/* End PBXProject section */

/* Begin PBXResourcesBuildPhase section */
		FB59F71D2801CC8700DC547D /* Resources */ = {
			isa = PBXResourcesBuildPhase;
			buildActionMask = 2147483647;
			files = (
				FB59F7322801CC8A00DC547D /* LaunchScreen.storyboard in Resources */,
				FB59F72F2801CC8A00DC547D /* Assets.xcassets in Resources */,
				FB59F72A2801CC8700DC547D /* Main.storyboard in Resources */,
			);
			runOnlyForDeploymentPostprocessing = 0;
		};
/* End PBXResourcesBuildPhase section */

/* Begin PBXSourcesBuildPhase section */
		FB59F71B2801CC8700DC547D /* Sources */ = {
			isa = PBXSourcesBuildPhase;
			buildActionMask = 2147483647;
			files = (
				FB59F75228022A0B00DC547D /* LoginViewController.swift in Sources */,
				FB59F75F28031B0800DC547D /* StringToImage.swift in Sources */,
				FB59F7272801CC8700DC547D /* RegistrationController.swift in Sources */,
				FB59F7232801CC8700DC547D /* AppDelegate.swift in Sources */,
				FB59F73A2801DC9600DC547D /* PHAssetExtension.swift in Sources */,
				FB59F75928024E5000DC547D /* PhotoCell.swift in Sources */,
				FB59F761280335C200DC547D /* CustomTabBarViewController.swift in Sources */,
				FB59F7572802460D00DC547D /* GalleryViewController.swift in Sources */,
				FB59F75D2802674E00DC547D /* UsersViewController.swift in Sources */,
				FB59F74828021CBF00DC547D /* CustomRoundedButton.swift in Sources */,
				FB59F7252801CC8700DC547D /* SceneDelegate.swift in Sources */,
				FB59F74428021B9D00DC547D /* UIColorExtension.swift in Sources */,
				FB59F72D2801CC8700DC547D /* PhotoGallery.xcdatamodeld in Sources */,
				FB59F74628021C7900DC547D /* AttributedCustomButton.swift in Sources */,
				FB59F74228021B7900DC547D /* InputField.swift in Sources */,
				FB59F754280231B400DC547D /* AuthService.swift in Sources */,
				FB59F7632803447200DC547D /* DetailedPhoto.swift in Sources */,
				FB59F74A28021D2F00DC547D /* UIImageExtension.swift in Sources */,
				FB59F74E280221AB00DC547D /* CustomNavigationController.swift in Sources */,
			);
			runOnlyForDeploymentPostprocessing = 0;
		};
/* End PBXSourcesBuildPhase section */

/* Begin PBXVariantGroup section */
		FB59F7282801CC8700DC547D /* Main.storyboard */ = {
			isa = PBXVariantGroup;
			children = (
				FB59F7292801CC8700DC547D /* Base */,
			);
			name = Main.storyboard;
			sourceTree = "<group>";
		};
		FB59F7302801CC8A00DC547D /* LaunchScreen.storyboard */ = {
			isa = PBXVariantGroup;
			children = (
				FB59F7312801CC8A00DC547D /* Base */,
			);
			name = LaunchScreen.storyboard;
			sourceTree = "<group>";
		};
/* End PBXVariantGroup section */

/* Begin XCBuildConfiguration section */
		FB59F7342801CC8A00DC547D /* Debug */ = {
			isa = XCBuildConfiguration;
			buildSettings = {
				ALWAYS_SEARCH_USER_PATHS = NO;
				CLANG_ANALYZER_NONNULL = YES;
				CLANG_ANALYZER_NUMBER_OBJECT_CONVERSION = YES_AGGRESSIVE;
				CLANG_CXX_LANGUAGE_STANDARD = "gnu++17";
				CLANG_ENABLE_MODULES = YES;
				CLANG_ENABLE_OBJC_ARC = YES;
				CLANG_ENABLE_OBJC_WEAK = YES;
				CLANG_WARN_BLOCK_CAPTURE_AUTORELEASING = YES;
				CLANG_WARN_BOOL_CONVERSION = YES;
				CLANG_WARN_COMMA = YES;
				CLANG_WARN_CONSTANT_CONVERSION = YES;
				CLANG_WARN_DEPRECATED_OBJC_IMPLEMENTATIONS = YES;
				CLANG_WARN_DIRECT_OBJC_ISA_USAGE = YES_ERROR;
				CLANG_WARN_DOCUMENTATION_COMMENTS = YES;
				CLANG_WARN_EMPTY_BODY = YES;
				CLANG_WARN_ENUM_CONVERSION = YES;
				CLANG_WARN_INFINITE_RECURSION = YES;
				CLANG_WARN_INT_CONVERSION = YES;
				CLANG_WARN_NON_LITERAL_NULL_CONVERSION = YES;
				CLANG_WARN_OBJC_IMPLICIT_RETAIN_SELF = YES;
				CLANG_WARN_OBJC_LITERAL_CONVERSION = YES;
				CLANG_WARN_OBJC_ROOT_CLASS = YES_ERROR;
				CLANG_WARN_QUOTED_INCLUDE_IN_FRAMEWORK_HEADER = YES;
				CLANG_WARN_RANGE_LOOP_ANALYSIS = YES;
				CLANG_WARN_STRICT_PROTOTYPES = YES;
				CLANG_WARN_SUSPICIOUS_MOVE = YES;
				CLANG_WARN_UNGUARDED_AVAILABILITY = YES_AGGRESSIVE;
				CLANG_WARN_UNREACHABLE_CODE = YES;
				CLANG_WARN__DUPLICATE_METHOD_MATCH = YES;
				COPY_PHASE_STRIP = NO;
				DEBUG_INFORMATION_FORMAT = dwarf;
				ENABLE_STRICT_OBJC_MSGSEND = YES;
				ENABLE_TESTABILITY = YES;
				GCC_C_LANGUAGE_STANDARD = gnu11;
				GCC_DYNAMIC_NO_PIC = NO;
				GCC_NO_COMMON_BLOCKS = YES;
				GCC_OPTIMIZATION_LEVEL = 0;
				GCC_PREPROCESSOR_DEFINITIONS = (
					"DEBUG=1",
					"$(inherited)",
				);
				GCC_WARN_64_TO_32_BIT_CONVERSION = YES;
				GCC_WARN_ABOUT_RETURN_TYPE = YES_ERROR;
				GCC_WARN_UNDECLARED_SELECTOR = YES;
				GCC_WARN_UNINITIALIZED_AUTOS = YES_AGGRESSIVE;
				GCC_WARN_UNUSED_FUNCTION = YES;
				GCC_WARN_UNUSED_VARIABLE = YES;
				IPHONEOS_DEPLOYMENT_TARGET = 15.4;
				MTL_ENABLE_DEBUG_INFO = INCLUDE_SOURCE;
				MTL_FAST_MATH = YES;
				ONLY_ACTIVE_ARCH = YES;
				SDKROOT = iphoneos;
				SWIFT_ACTIVE_COMPILATION_CONDITIONS = DEBUG;
				SWIFT_OPTIMIZATION_LEVEL = "-Onone";
			};
			name = Debug;
		};
		FB59F7352801CC8A00DC547D /* Release */ = {
			isa = XCBuildConfiguration;
			buildSettings = {
				ALWAYS_SEARCH_USER_PATHS = NO;
				CLANG_ANALYZER_NONNULL = YES;
				CLANG_ANALYZER_NUMBER_OBJECT_CONVERSION = YES_AGGRESSIVE;
				CLANG_CXX_LANGUAGE_STANDARD = "gnu++17";
				CLANG_ENABLE_MODULES = YES;
				CLANG_ENABLE_OBJC_ARC = YES;
				CLANG_ENABLE_OBJC_WEAK = YES;
				CLANG_WARN_BLOCK_CAPTURE_AUTORELEASING = YES;
				CLANG_WARN_BOOL_CONVERSION = YES;
				CLANG_WARN_COMMA = YES;
				CLANG_WARN_CONSTANT_CONVERSION = YES;
				CLANG_WARN_DEPRECATED_OBJC_IMPLEMENTATIONS = YES;
				CLANG_WARN_DIRECT_OBJC_ISA_USAGE = YES_ERROR;
				CLANG_WARN_DOCUMENTATION_COMMENTS = YES;
				CLANG_WARN_EMPTY_BODY = YES;
				CLANG_WARN_ENUM_CONVERSION = YES;
				CLANG_WARN_INFINITE_RECURSION = YES;
				CLANG_WARN_INT_CONVERSION = YES;
				CLANG_WARN_NON_LITERAL_NULL_CONVERSION = YES;
				CLANG_WARN_OBJC_IMPLICIT_RETAIN_SELF = YES;
				CLANG_WARN_OBJC_LITERAL_CONVERSION = YES;
				CLANG_WARN_OBJC_ROOT_CLASS = YES_ERROR;
				CLANG_WARN_QUOTED_INCLUDE_IN_FRAMEWORK_HEADER = YES;
				CLANG_WARN_RANGE_LOOP_ANALYSIS = YES;
				CLANG_WARN_STRICT_PROTOTYPES = YES;
				CLANG_WARN_SUSPICIOUS_MOVE = YES;
				CLANG_WARN_UNGUARDED_AVAILABILITY = YES_AGGRESSIVE;
				CLANG_WARN_UNREACHABLE_CODE = YES;
				CLANG_WARN__DUPLICATE_METHOD_MATCH = YES;
				COPY_PHASE_STRIP = NO;
				DEBUG_INFORMATION_FORMAT = "dwarf-with-dsym";
				ENABLE_NS_ASSERTIONS = NO;
				ENABLE_STRICT_OBJC_MSGSEND = YES;
				GCC_C_LANGUAGE_STANDARD = gnu11;
				GCC_NO_COMMON_BLOCKS = YES;
				GCC_WARN_64_TO_32_BIT_CONVERSION = YES;
				GCC_WARN_ABOUT_RETURN_TYPE = YES_ERROR;
				GCC_WARN_UNDECLARED_SELECTOR = YES;
				GCC_WARN_UNINITIALIZED_AUTOS = YES_AGGRESSIVE;
				GCC_WARN_UNUSED_FUNCTION = YES;
				GCC_WARN_UNUSED_VARIABLE = YES;
				IPHONEOS_DEPLOYMENT_TARGET = 15.4;
				MTL_ENABLE_DEBUG_INFO = NO;
				MTL_FAST_MATH = YES;
				SDKROOT = iphoneos;
				SWIFT_COMPILATION_MODE = wholemodule;
				SWIFT_OPTIMIZATION_LEVEL = "-O";
				VALIDATE_PRODUCT = YES;
			};
			name = Release;
		};
		FB59F7372801CC8A00DC547D /* Debug */ = {
			isa = XCBuildConfiguration;
			buildSettings = {
				ASSETCATALOG_COMPILER_APPICON_NAME = AppIcon;
				ASSETCATALOG_COMPILER_GLOBAL_ACCENT_COLOR_NAME = AccentColor;
				CODE_SIGN_STYLE = Automatic;
				CURRENT_PROJECT_VERSION = 1;
				DEVELOPMENT_TEAM = Z33ZD2X6PY;
				GENERATE_INFOPLIST_FILE = YES;
				INFOPLIST_FILE = PhotoGallery/Info.plist;
				INFOPLIST_KEY_NSPhotoLibraryUsageDescription = YES;
				INFOPLIST_KEY_UIApplicationSupportsIndirectInputEvents = YES;
				INFOPLIST_KEY_UILaunchStoryboardName = LaunchScreen;
				INFOPLIST_KEY_UIMainStoryboardFile = Main;
				INFOPLIST_KEY_UISupportedInterfaceOrientations = UIInterfaceOrientationPortrait;
				INFOPLIST_KEY_UISupportedInterfaceOrientations_iPad = "UIInterfaceOrientationPortrait UIInterfaceOrientationPortraitUpsideDown UIInterfaceOrientationLandscapeLeft UIInterfaceOrientationLandscapeRight";
				INFOPLIST_KEY_UISupportedInterfaceOrientations_iPhone = "UIInterfaceOrientationPortrait UIInterfaceOrientationLandscapeLeft UIInterfaceOrientationLandscapeRight";
				IPHONEOS_DEPLOYMENT_TARGET = 14.0;
				LD_RUNPATH_SEARCH_PATHS = (
					"$(inherited)",
					"@executable_path/Frameworks",
				);
				MARKETING_VERSION = 1.0;
				PRODUCT_BUNDLE_IDENTIFIER = yuliapopova.PhotoGallery;
				PRODUCT_NAME = "$(TARGET_NAME)";
				SWIFT_EMIT_LOC_STRINGS = YES;
				SWIFT_VERSION = 5.0;
				TARGETED_DEVICE_FAMILY = 1;
			};
			name = Debug;
		};
		FB59F7382801CC8A00DC547D /* Release */ = {
			isa = XCBuildConfiguration;
			buildSettings = {
				ASSETCATALOG_COMPILER_APPICON_NAME = AppIcon;
				ASSETCATALOG_COMPILER_GLOBAL_ACCENT_COLOR_NAME = AccentColor;
				CODE_SIGN_STYLE = Automatic;
				CURRENT_PROJECT_VERSION = 1;
				DEVELOPMENT_TEAM = Z33ZD2X6PY;
				GENERATE_INFOPLIST_FILE = YES;
				INFOPLIST_FILE = PhotoGallery/Info.plist;
				INFOPLIST_KEY_NSPhotoLibraryUsageDescription = YES;
				INFOPLIST_KEY_UIApplicationSupportsIndirectInputEvents = YES;
				INFOPLIST_KEY_UILaunchStoryboardName = LaunchScreen;
				INFOPLIST_KEY_UIMainStoryboardFile = Main;
				INFOPLIST_KEY_UISupportedInterfaceOrientations = UIInterfaceOrientationPortrait;
				INFOPLIST_KEY_UISupportedInterfaceOrientations_iPad = "UIInterfaceOrientationPortrait UIInterfaceOrientationPortraitUpsideDown UIInterfaceOrientationLandscapeLeft UIInterfaceOrientationLandscapeRight";
				INFOPLIST_KEY_UISupportedInterfaceOrientations_iPhone = "UIInterfaceOrientationPortrait UIInterfaceOrientationLandscapeLeft UIInterfaceOrientationLandscapeRight";
				IPHONEOS_DEPLOYMENT_TARGET = 14.0;
				LD_RUNPATH_SEARCH_PATHS = (
					"$(inherited)",
					"@executable_path/Frameworks",
				);
				MARKETING_VERSION = 1.0;
				PRODUCT_BUNDLE_IDENTIFIER = yuliapopova.PhotoGallery;
				PRODUCT_NAME = "$(TARGET_NAME)";
				SWIFT_EMIT_LOC_STRINGS = YES;
				SWIFT_VERSION = 5.0;
				TARGETED_DEVICE_FAMILY = 1;
			};
			name = Release;
		};
/* End XCBuildConfiguration section */

/* Begin XCConfigurationList section */
		FB59F71A2801CC8700DC547D /* Build configuration list for PBXProject "PhotoGallery" */ = {
			isa = XCConfigurationList;
			buildConfigurations = (
				FB59F7342801CC8A00DC547D /* Debug */,
				FB59F7352801CC8A00DC547D /* Release */,
			);
			defaultConfigurationIsVisible = 0;
			defaultConfigurationName = Release;
		};
		FB59F7362801CC8A00DC547D /* Build configuration list for PBXNativeTarget "PhotoGallery" */ = {
			isa = XCConfigurationList;
			buildConfigurations = (
				FB59F7372801CC8A00DC547D /* Debug */,
				FB59F7382801CC8A00DC547D /* Release */,
			);
			defaultConfigurationIsVisible = 0;
			defaultConfigurationName = Release;
		};
/* End XCConfigurationList section */

/* Begin XCVersionGroup section */
		FB59F72B2801CC8700DC547D /* PhotoGallery.xcdatamodeld */ = {
			isa = XCVersionGroup;
			children = (
				FB59F72C2801CC8700DC547D /* PhotoGallery.xcdatamodel */,
			);
			currentVersion = FB59F72C2801CC8700DC547D /* PhotoGallery.xcdatamodel */;
			path = PhotoGallery.xcdatamodeld;
			sourceTree = "<group>";
			versionGroupType = wrapper.xcdatamodel;
		};
/* End XCVersionGroup section */
	};
	rootObject = FB59F7172801CC8700DC547D /* Project object */;
}
